
Microsoft Visual Studio Solution File, Format Version 12.00
# Visual Studio Version 17
VisualStudioVersion = 17.3.32929.385
MinimumVisualStudioVersion = 10.0.40219.1
Project("{9A19103F-16F7-4668-BE54-9A1E7A4F7556}") = "LaneController", "PathController\LaneController.csproj", "{0A2BAF1D-DB67-418A-B3C9-6D6112F1E55A}"
EndProject
Project("{2150E333-8FDC-42A3-9474-1A3956D46DE8}") = "Solution Items", "Solution Items", "{4DFABA05-D31F-455E-B2CD-7F32E0F94409}"
	ProjectSection(SolutionItems) = preProject
		.editorconfig = .editorconfig
		TODO = TODO
	EndProjectSection
EndProject
Project("{D954291E-2A0B-460D-934E-DC6B0785DB48}") = "AutoLayoutPanelShared", "ModsCommon\AutoLayoutPanelShared\AutoLayoutPanelShared.shproj", "{FC5E6F74-8408-4FD8-A46A-A7F549E30454}"
EndProject
Project("{D954291E-2A0B-460D-934E-DC6B0785DB48}") = "LocalizeShared", "ModsCommon\LocalizeShared\LocalizeShared.shproj", "{F135CD5D-4CAB-4347-BF44-1C6D0794A19D}"
EndProject
Project("{D954291E-2A0B-460D-934E-DC6B0785DB48}") = "PropertyPanelShared", "ModsCommon\PropertyPanelShared\PropertyPanelShared.shproj", "{ABE0F508-441B-4871-A17F-3F345F5DC42B}"
EndProject
Project("{D954291E-2A0B-460D-934E-DC6B0785DB48}") = "UIShared", "ModsCommon\UIShared\UIShared.shproj", "{BE979510-7832-4714-95A3-305065D9DED6}"
EndProject
Project("{2150E333-8FDC-42A3-9474-1A3956D46DE8}") = "Shared", "Shared", "{420B5296-4749-45CC-A646-E1C15A7E01B7}"
EndProject
Project("{D954291E-2A0B-460D-934E-DC6B0785DB48}") = "HeaderShared", "ModsCommon\HeaderShared\HeaderShared.shproj", "{0BF47C3F-C968-4759-8D99-D088B0D58FBA}"
EndProject
Project("{D954291E-2A0B-460D-934E-DC6B0785DB48}") = "ColorsShared", "ModsCommon\ColorsShared\ColorsShared.shproj", "{B3E09C99-1583-40D2-AE3B-AE1453766DC3}"
EndProject
Global
	GlobalSection(SolutionConfigurationPlatforms) = preSolution
		Debug|Any CPU = Debug|Any CPU
		Release|Any CPU = Release|Any CPU
	EndGlobalSection
	GlobalSection(ProjectConfigurationPlatforms) = postSolution
		{0A2BAF1D-DB67-418A-B3C9-6D6112F1E55A}.Debug|Any CPU.ActiveCfg = Debug|Any CPU
		{0A2BAF1D-DB67-418A-B3C9-6D6112F1E55A}.Debug|Any CPU.Build.0 = Debug|Any CPU
		{0A2BAF1D-DB67-418A-B3C9-6D6112F1E55A}.Release|Any CPU.ActiveCfg = Release|Any CPU
		{0A2BAF1D-DB67-418A-B3C9-6D6112F1E55A}.Release|Any CPU.Build.0 = Release|Any CPU
	EndGlobalSection
	GlobalSection(SolutionProperties) = preSolution
		HideSolutionNode = FALSE
	EndGlobalSection
	GlobalSection(NestedProjects) = preSolution
		{FC5E6F74-8408-4FD8-A46A-A7F549E30454} = {420B5296-4749-45CC-A646-E1C15A7E01B7}
		{F135CD5D-4CAB-4347-BF44-1C6D0794A19D} = {420B5296-4749-45CC-A646-E1C15A7E01B7}
		{ABE0F508-441B-4871-A17F-3F345F5DC42B} = {420B5296-4749-45CC-A646-E1C15A7E01B7}
		{BE979510-7832-4714-95A3-305065D9DED6} = {420B5296-4749-45CC-A646-E1C15A7E01B7}
		{0BF47C3F-C968-4759-8D99-D088B0D58FBA} = {420B5296-4749-45CC-A646-E1C15A7E01B7}
		{B3E09C99-1583-40D2-AE3B-AE1453766DC3} = {420B5296-4749-45CC-A646-E1C15A7E01B7}
	EndGlobalSection
	GlobalSection(ExtensibilityGlobals) = postSolution
		SolutionGuid = {24F7D359-47F0-42C9-93F4-9CFAE97D902A}
	EndGlobalSection
	GlobalSection(SharedMSBuildProjectFiles) = preSolution
		ModsCommon\AutoLayoutPanelShared\AutoLayoutPanelShared.projitems*{0a2baf1d-db67-418a-b3c9-6d6112f1e55a}*SharedItemsImports = 5
		ModsCommon\ColorsShared\ColorsShared.projitems*{0a2baf1d-db67-418a-b3c9-6d6112f1e55a}*SharedItemsImports = 5
		ModsCommon\HeaderShared\HeaderShared.projitems*{0a2baf1d-db67-418a-b3c9-6d6112f1e55a}*SharedItemsImports = 5
		ModsCommon\LocalizeShared\LocalizeShared.projitems*{0a2baf1d-db67-418a-b3c9-6d6112f1e55a}*SharedItemsImports = 5
		ModsCommon\ModShared\ModsCommonShared.projitems*{0a2baf1d-db67-418a-b3c9-6d6112f1e55a}*SharedItemsImports = 5
		ModsCommon\PropertyPanelShared\PropertyPanelShared.projitems*{0a2baf1d-db67-418a-b3c9-6d6112f1e55a}*SharedItemsImports = 5
		ModsCommon\UIShared\ModsUIShared.projitems*{0a2baf1d-db67-418a-b3c9-6d6112f1e55a}*SharedItemsImports = 5
		ModsCommon\HeaderShared\HeaderShared.projitems*{0bf47c3f-c968-4759-8d99-d088b0d58fba}*SharedItemsImports = 13
		ModsCommon\PropertyPanelShared\PropertyPanelShared.projitems*{abe0f508-441b-4871-a17f-3f345f5dc42b}*SharedItemsImports = 13
		ModsCommon\ColorsShared\ColorsShared.projitems*{b3e09c99-1583-40d2-ae3b-ae1453766dc3}*SharedItemsImports = 13
		ModsCommon\UIShared\ModsUIShared.projitems*{be979510-7832-4714-95a3-305065d9ded6}*SharedItemsImports = 13
		ModsCommon\LocalizeShared\LocalizeShared.projitems*{f135cd5d-4cab-4347-bf44-1c6d0794a19d}*SharedItemsImports = 13
		ModsCommon\AutoLayoutPanelShared\AutoLayoutPanelShared.projitems*{fc5e6f74-8408-4fd8-a46a-a7f549e30454}*SharedItemsImports = 13
	EndGlobalSection
EndGlobal
